// !$*UTF8*$!
{
	archiveVersion = 1;
	classes = {
	};
	objectVersion = 46;
	objects = {

/* Begin PBXBuildFile section */
		4927199D1CFCA0A400C10652 /* AppDelegate.swift in Sources */ = {isa = PBXBuildFile; fileRef = 4927199C1CFCA0A400C10652 /* AppDelegate.swift */; };
		4927199F1CFCA0A400C10652 /* LoginViewController.swift in Sources */ = {isa = PBXBuildFile; fileRef = 4927199E1CFCA0A400C10652 /* LoginViewController.swift */; };
		492719A21CFCA0A400C10652 /* Main.storyboard in Resources */ = {isa = PBXBuildFile; fileRef = 492719A01CFCA0A400C10652 /* Main.storyboard */; };
		492719AF1CFCA8E300C10652 /* GoogleService-Info.plist in Resources */ = {isa = PBXBuildFile; fileRef = 492719AE1CFCA8E300C10652 /* GoogleService-Info.plist */; };
		493C7C3B1CFEF80B008BBF74 /* KeypadViewController.swift in Sources */ = {isa = PBXBuildFile; fileRef = 493C7C3A1CFEF80B008BBF74 /* KeypadViewController.swift */; };
		49626C561CFE1D5700C678B4 /* VenueTableViewCell.swift in Sources */ = {isa = PBXBuildFile; fileRef = 49626C551CFE1D5700C678B4 /* VenueTableViewCell.swift */; };
		497CD0071CFE35E300D4EBD3 /* Assets.xcassets in Resources */ = {isa = PBXBuildFile; fileRef = 497CD0061CFE35E300D4EBD3 /* Assets.xcassets */; };
		497CD0091CFE370200D4EBD3 /* Data.plist in Resources */ = {isa = PBXBuildFile; fileRef = 497CD0081CFE370200D4EBD3 /* Data.plist */; };
		497CD00B1CFE425100D4EBD3 /* VenueDetailsViewController.swift in Sources */ = {isa = PBXBuildFile; fileRef = 497CD00A1CFE425100D4EBD3 /* VenueDetailsViewController.swift */; };
		49B130041CFDD3D700983E7E /* VenuesTableViewController.swift in Sources */ = {isa = PBXBuildFile; fileRef = 49B130031CFDD3D700983E7E /* VenuesTableViewController.swift */; };
		EF29D920E20D57D228E25CDD /* Pods_Tipsy.framework in Frameworks */ = {isa = PBXBuildFile; fileRef = 9B638F075A16227DF0EC2B32 /* Pods_Tipsy.framework */; };
/* End PBXBuildFile section */

/* Begin PBXFileReference section */
		492719991CFCA0A400C10652 /* Tipsy.app */ = {isa = PBXFileReference; explicitFileType = wrapper.application; includeInIndex = 0; path = Tipsy.app; sourceTree = BUILT_PRODUCTS_DIR; };
		4927199C1CFCA0A400C10652 /* AppDelegate.swift */ = {isa = PBXFileReference; lastKnownFileType = sourcecode.swift; path = AppDelegate.swift; sourceTree = "<group>"; };
		4927199E1CFCA0A400C10652 /* LoginViewController.swift */ = {isa = PBXFileReference; lastKnownFileType = sourcecode.swift; path = LoginViewController.swift; sourceTree = "<group>"; };
		492719A11CFCA0A400C10652 /* Base */ = {isa = PBXFileReference; lastKnownFileType = file.storyboard; name = Base; path = Base.lproj/Main.storyboard; sourceTree = "<group>"; };
		492719A81CFCA0A400C10652 /* Info.plist */ = {isa = PBXFileReference; lastKnownFileType = text.plist.xml; path = Info.plist; sourceTree = "<group>"; };
		492719AE1CFCA8E300C10652 /* GoogleService-Info.plist */ = {isa = PBXFileReference; fileEncoding = 4; lastKnownFileType = text.plist.xml; path = "GoogleService-Info.plist"; sourceTree = "<group>"; };
		493C7C3A1CFEF80B008BBF74 /* KeypadViewController.swift */ = {isa = PBXFileReference; fileEncoding = 4; lastKnownFileType = sourcecode.swift; path = KeypadViewController.swift; sourceTree = "<group>"; };
		49626C551CFE1D5700C678B4 /* VenueTableViewCell.swift */ = {isa = PBXFileReference; fileEncoding = 4; lastKnownFileType = sourcecode.swift; path = VenueTableViewCell.swift; sourceTree = "<group>"; };
		497CD0061CFE35E300D4EBD3 /* Assets.xcassets */ = {isa = PBXFileReference; lastKnownFileType = folder.assetcatalog; path = Assets.xcassets; sourceTree = "<group>"; };
		497CD0081CFE370200D4EBD3 /* Data.plist */ = {isa = PBXFileReference; fileEncoding = 4; lastKnownFileType = text.plist.xml; path = Data.plist; sourceTree = "<group>"; };
		497CD00A1CFE425100D4EBD3 /* VenueDetailsViewController.swift */ = {isa = PBXFileReference; fileEncoding = 4; lastKnownFileType = sourcecode.swift; path = VenueDetailsViewController.swift; sourceTree = "<group>"; };
		49B130031CFDD3D700983E7E /* VenuesTableViewController.swift */ = {isa = PBXFileReference; fileEncoding = 4; lastKnownFileType = sourcecode.swift; path = VenuesTableViewController.swift; sourceTree = "<group>"; };
		9B638F075A16227DF0EC2B32 /* Pods_Tipsy.framework */ = {isa = PBXFileReference; explicitFileType = wrapper.framework; includeInIndex = 0; path = Pods_Tipsy.framework; sourceTree = BUILT_PRODUCTS_DIR; };
		C476F733ABB30F7D699AD80B /* Pods-Tipsy.release.xcconfig */ = {isa = PBXFileReference; includeInIndex = 1; lastKnownFileType = text.xcconfig; name = "Pods-Tipsy.release.xcconfig"; path = "Pods/Target Support Files/Pods-Tipsy/Pods-Tipsy.release.xcconfig"; sourceTree = "<group>"; };
		E7A8FC760DFB78CE78B811DC /* Pods-Tipsy.debug.xcconfig */ = {isa = PBXFileReference; includeInIndex = 1; lastKnownFileType = text.xcconfig; name = "Pods-Tipsy.debug.xcconfig"; path = "Pods/Target Support Files/Pods-Tipsy/Pods-Tipsy.debug.xcconfig"; sourceTree = "<group>"; };
/* End PBXFileReference section */

/* Begin PBXFrameworksBuildPhase section */
		492719961CFCA0A400C10652 /* Frameworks */ = {
			isa = PBXFrameworksBuildPhase;
			buildActionMask = 2147483647;
			files = (
				EF29D920E20D57D228E25CDD /* Pods_Tipsy.framework in Frameworks */,
			);
			runOnlyForDeploymentPostprocessing = 0;
		};
/* End PBXFrameworksBuildPhase section */

/* Begin PBXGroup section */
		491C064C1CFD7A6100399D0F /* Controllers */ = {
			isa = PBXGroup;
			children = (
				4927199E1CFCA0A400C10652 /* LoginViewController.swift */,
				49B130031CFDD3D700983E7E /* VenuesTableViewController.swift */,
				49626C551CFE1D5700C678B4 /* VenueTableViewCell.swift */,
				497CD00A1CFE425100D4EBD3 /* VenueDetailsViewController.swift */,
				493C7C3A1CFEF80B008BBF74 /* KeypadViewController.swift */,
			);
			name = Controllers;
			sourceTree = "<group>";
		};
		492719901CFCA0A400C10652 = {
			isa = PBXGroup;
			children = (
				4927199B1CFCA0A400C10652 /* Tipsy */,
				4927199A1CFCA0A400C10652 /* Products */,
				DC02162036521643FD4C2288 /* Pods */,
				FA65F74899151B19FF69D2FF /* Frameworks */,
			);
			sourceTree = "<group>";
		};
		4927199A1CFCA0A400C10652 /* Products */ = {
			isa = PBXGroup;
			children = (
				492719991CFCA0A400C10652 /* Tipsy.app */,
			);
			name = Products;
			sourceTree = "<group>";
		};
		4927199B1CFCA0A400C10652 /* Tipsy */ = {
			isa = PBXGroup;
			children = (
				4927199C1CFCA0A400C10652 /* AppDelegate.swift */,
				491C064C1CFD7A6100399D0F /* Controllers */,
				492719A01CFCA0A400C10652 /* Main.storyboard */,
				497CD0061CFE35E300D4EBD3 /* Assets.xcassets */,
				492719A81CFCA0A400C10652 /* Info.plist */,
				492719AE1CFCA8E300C10652 /* GoogleService-Info.plist */,
				497CD0081CFE370200D4EBD3 /* Data.plist */,
			);
			path = Tipsy;
			sourceTree = "<group>";
		};
		DC02162036521643FD4C2288 /* Pods */ = {
			isa = PBXGroup;
			children = (
				E7A8FC760DFB78CE78B811DC /* Pods-Tipsy.debug.xcconfig */,
				C476F733ABB30F7D699AD80B /* Pods-Tipsy.release.xcconfig */,
			);
			name = Pods;
			sourceTree = "<group>";
		};
		FA65F74899151B19FF69D2FF /* Frameworks */ = {
			isa = PBXGroup;
			children = (
				9B638F075A16227DF0EC2B32 /* Pods_Tipsy.framework */,
			);
			name = Frameworks;
			sourceTree = "<group>";
		};
/* End PBXGroup section */

/* Begin PBXNativeTarget section */
		492719981CFCA0A400C10652 /* Tipsy */ = {
			isa = PBXNativeTarget;
			buildConfigurationList = 492719AB1CFCA0A400C10652 /* Build configuration list for PBXNativeTarget "Tipsy" */;
			buildPhases = (
				7DA52D9E9AAFAA0143EEFF52 /* 📦 Check Pods Manifest.lock */,
				492719951CFCA0A400C10652 /* Sources */,
				492719961CFCA0A400C10652 /* Frameworks */,
				492719971CFCA0A400C10652 /* Resources */,
				DA4EB7238EF06FDB764E8AD1 /* 📦 Embed Pods Frameworks */,
				25BC4370A3F1FC18A5F0308B /* 📦 Copy Pods Resources */,
			);
			buildRules = (
			);
			dependencies = (
			);
			name = Tipsy;
			productName = Tipsy;
			productReference = 492719991CFCA0A400C10652 /* Tipsy.app */;
			productType = "com.apple.product-type.application";
		};
/* End PBXNativeTarget section */

/* Begin PBXProject section */
		492719911CFCA0A400C10652 /* Project object */ = {
			isa = PBXProject;
			attributes = {
				LastSwiftUpdateCheck = 0730;
				LastUpgradeCheck = 0730;
				ORGANIZATIONNAME = TeodorGarzdin;
				TargetAttributes = {
					492719981CFCA0A400C10652 = {
						CreatedOnToolsVersion = 7.3.1;
						DevelopmentTeam = 5TZ5UX6U2K;
					};
				};
			};
			buildConfigurationList = 492719941CFCA0A400C10652 /* Build configuration list for PBXProject "Tipsy" */;
			compatibilityVersion = "Xcode 3.2";
			developmentRegion = English;
			hasScannedForEncodings = 0;
			knownRegions = (
				en,
				Base,
			);
			mainGroup = 492719901CFCA0A400C10652;
			productRefGroup = 4927199A1CFCA0A400C10652 /* Products */;
			projectDirPath = "";
			projectRoot = "";
			targets = (
				492719981CFCA0A400C10652 /* Tipsy */,
			);
		};
/* End PBXProject section */

/* Begin PBXResourcesBuildPhase section */
		492719971CFCA0A400C10652 /* Resources */ = {
			isa = PBXResourcesBuildPhase;
			buildActionMask = 2147483647;
			files = (
				492719A21CFCA0A400C10652 /* Main.storyboard in Resources */,
				497CD0071CFE35E300D4EBD3 /* Assets.xcassets in Resources */,
				497CD0091CFE370200D4EBD3 /* Data.plist in Resources */,
				492719AF1CFCA8E300C10652 /* GoogleService-Info.plist in Resources */,
			);
			runOnlyForDeploymentPostprocessing = 0;
		};
/* End PBXResourcesBuildPhase section */

/* Begin PBXShellScriptBuildPhase section */
		25BC4370A3F1FC18A5F0308B /* 📦 Copy Pods Resources */ = {
			isa = PBXShellScriptBuildPhase;
			buildActionMask = 2147483647;
			files = (
			);
			inputPaths = (
			);
			name = "📦 Copy Pods Resources";
			outputPaths = (
			);
			runOnlyForDeploymentPostprocessing = 0;
			shellPath = /bin/sh;
			shellScript = "\"${SRCROOT}/Pods/Target Support Files/Pods-Tipsy/Pods-Tipsy-resources.sh\"\n";
			showEnvVarsInLog = 0;
		};
		7DA52D9E9AAFAA0143EEFF52 /* 📦 Check Pods Manifest.lock */ = {
			isa = PBXShellScriptBuildPhase;
			buildActionMask = 2147483647;
			files = (
			);
			inputPaths = (
			);
			name = "📦 Check Pods Manifest.lock";
			outputPaths = (
			);
			runOnlyForDeploymentPostprocessing = 0;
			shellPath = /bin/sh;
			shellScript = "diff \"${PODS_ROOT}/../Podfile.lock\" \"${PODS_ROOT}/Manifest.lock\" > /dev/null\nif [[ $? != 0 ]] ; then\n    cat << EOM\nerror: The sandbox is not in sync with the Podfile.lock. Run 'pod install' or update your CocoaPods installation.\nEOM\n    exit 1\nfi\n";
			showEnvVarsInLog = 0;
		};
		DA4EB7238EF06FDB764E8AD1 /* 📦 Embed Pods Frameworks */ = {
			isa = PBXShellScriptBuildPhase;
			buildActionMask = 2147483647;
			files = (
			);
			inputPaths = (
			);
			name = "📦 Embed Pods Frameworks";
			outputPaths = (
			);
			runOnlyForDeploymentPostprocessing = 0;
			shellPath = /bin/sh;
			shellScript = "\"${SRCROOT}/Pods/Target Support Files/Pods-Tipsy/Pods-Tipsy-frameworks.sh\"\n";
			showEnvVarsInLog = 0;
		};
/* End PBXShellScriptBuildPhase section */

/* Begin PBXSourcesBuildPhase section */
		492719951CFCA0A400C10652 /* Sources */ = {
			isa = PBXSourcesBuildPhase;
			buildActionMask = 2147483647;
			files = (
				4927199F1CFCA0A400C10652 /* LoginViewController.swift in Sources */,
				49626C561CFE1D5700C678B4 /* VenueTableViewCell.swift in Sources */,
				497CD00B1CFE425100D4EBD3 /* VenueDetailsViewController.swift in Sources */,
				4927199D1CFCA0A400C10652 /* AppDelegate.swift in Sources */,
				493C7C3B1CFEF80B008BBF74 /* KeypadViewController.swift in Sources */,
				49B130041CFDD3D700983E7E /* VenuesTableViewController.swift in Sources */,
			);
			runOnlyForDeploymentPostprocessing = 0;
		};
/* End PBXSourcesBuildPhase section */

/* Begin PBXVariantGroup section */
		492719A01CFCA0A400C10652 /* Main.storyboard */ = {
			isa = PBXVariantGroup;
			children = (
				492719A11CFCA0A400C10652 /* Base */,
			);
			name = Main.storyboard;
			sourceTree = "<group>";
		};
/* End PBXVariantGroup section */

/* Begin XCBuildConfiguration section */
		492719A91CFCA0A400C10652 /* Debug */ = {
			isa = XCBuildConfiguration;
			buildSettings = {
				ALWAYS_SEARCH_USER_PATHS = NO;
				CLANG_ANALYZER_NONNULL = YES;
				CLANG_CXX_LANGUAGE_STANDARD = "gnu++0x";
				CLANG_CXX_LIBRARY = "libc++";
				CLANG_ENABLE_MODULES = YES;
				CLANG_ENABLE_OBJC_ARC = YES;
				CLANG_WARN_BOOL_CONVERSION = YES;
				CLANG_WARN_CONSTANT_CONVERSION = YES;
				CLANG_WARN_DIRECT_OBJC_ISA_USAGE = YES_ERROR;
				CLANG_WARN_EMPTY_BODY = YES;
				CLANG_WARN_ENUM_CONVERSION = YES;
				CLANG_WARN_INT_CONVERSION = YES;
				CLANG_WARN_OBJC_ROOT_CLASS = YES_ERROR;
				CLANG_WARN_UNREACHABLE_CODE = YES;
				CLANG_WARN__DUPLICATE_METHOD_MATCH = YES;
				"CODE_SIGN_IDENTITY[sdk=iphoneos*]" = "iPhone Developer";
				COPY_PHASE_STRIP = NO;
				DEBUG_INFORMATION_FORMAT = dwarf;
				ENABLE_STRICT_OBJC_MSGSEND = YES;
				ENABLE_TESTABILITY = YES;
				GCC_C_LANGUAGE_STANDARD = gnu99;
				GCC_DYNAMIC_NO_PIC = NO;
				GCC_NO_COMMON_BLOCKS = YES;
				GCC_OPTIMIZATION_LEVEL = 0;
				GCC_PREPROCESSOR_DEFINITIONS = (
					"DEBUG=1",
					"$(inherited)",
				);
				GCC_WARN_64_TO_32_BIT_CONVERSION = YES;
				GCC_WARN_ABOUT_RETURN_TYPE = YES_ERROR;
				GCC_WARN_UNDECLARED_SELECTOR = YES;
				GCC_WARN_UNINITIALIZED_AUTOS = YES_AGGRESSIVE;
				GCC_WARN_UNUSED_FUNCTION = YES;
				GCC_WARN_UNUSED_VARIABLE = YES;
				IPHONEOS_DEPLOYMENT_TARGET = 9.3;
				MTL_ENABLE_DEBUG_INFO = YES;
				ONLY_ACTIVE_ARCH = YES;
				SDKROOT = iphoneos;
				SWIFT_OPTIMIZATION_LEVEL = "-Onone";
			};
			name = Debug;
		};
		492719AA1CFCA0A400C10652 /* Release */ = {
			isa = XCBuildConfiguration;
			buildSettings = {
				ALWAYS_SEARCH_USER_PATHS = NO;
				CLANG_ANALYZER_NONNULL = YES;
				CLANG_CXX_LANGUAGE_STANDARD = "gnu++0x";
				CLANG_CXX_LIBRARY = "libc++";
				CLANG_ENABLE_MODULES = YES;
				CLANG_ENABLE_OBJC_ARC = YES;
				CLANG_WARN_BOOL_CONVERSION = YES;
				CLANG_WARN_CONSTANT_CONVERSION = YES;
				CLANG_WARN_DIRECT_OBJC_ISA_USAGE = YES_ERROR;
				CLANG_WARN_EMPTY_BODY = YES;
				CLANG_WARN_ENUM_CONVERSION = YES;
				CLANG_WARN_INT_CONVERSION = YES;
				CLANG_WARN_OBJC_ROOT_CLASS = YES_ERROR;
				CLANG_WARN_UNREACHABLE_CODE = YES;
				CLANG_WARN__DUPLICATE_METHOD_MATCH = YES;
				"CODE_SIGN_IDENTITY[sdk=iphoneos*]" = "iPhone Developer";
				COPY_PHASE_STRIP = NO;
				DEBUG_INFORMATION_FORMAT = "dwarf-with-dsym";
				ENABLE_NS_ASSERTIONS = NO;
				ENABLE_STRICT_OBJC_MSGSEND = YES;
				GCC_C_LANGUAGE_STANDARD = gnu99;
				GCC_NO_COMMON_BLOCKS = YES;
				GCC_WARN_64_TO_32_BIT_CONVERSION = YES;
				GCC_WARN_ABOUT_RETURN_TYPE = YES_ERROR;
				GCC_WARN_UNDECLARED_SELECTOR = YES;
				GCC_WARN_UNINITIALIZED_AUTOS = YES_AGGRESSIVE;
				GCC_WARN_UNUSED_FUNCTION = YES;
				GCC_WARN_UNUSED_VARIABLE = YES;
				IPHONEOS_DEPLOYMENT_TARGET = 9.3;
				MTL_ENABLE_DEBUG_INFO = NO;
				SDKROOT = iphoneos;
				VALIDATE_PRODUCT = YES;
			};
			name = Release;
		};
		492719AC1CFCA0A400C10652 /* Debug */ = {
			isa = XCBuildConfiguration;
			baseConfigurationReference = E7A8FC760DFB78CE78B811DC /* Pods-Tipsy.debug.xcconfig */;
			buildSettings = {
				ASSETCATALOG_COMPILER_APPICON_NAME = AppIcon;
				FRAMEWORK_SEARCH_PATHS = (
					"$(inherited)",
					"$(PROJECT_DIR)",
				);
				INFOPLIST_FILE = Tipsy/Info.plist;
				IPHONEOS_DEPLOYMENT_TARGET = 8.3;
				LD_RUNPATH_SEARCH_PATHS = "$(inherited) @executable_path/Frameworks";
				PRODUCT_BUNDLE_IDENTIFIER = com.tipsyapp.Tipsy;
				PRODUCT_NAME = "$(TARGET_NAME)";
				SWIFT_OBJC_BRIDGING_HEADER = "";
			};
			name = Debug;
		};
		492719AD1CFCA0A400C10652 /* Release */ = {
			isa = XCBuildConfiguration;
			baseConfigurationReference = C476F733ABB30F7D699AD80B /* Pods-Tipsy.release.xcconfig */;
			buildSettings = {
				ASSETCATALOG_COMPILER_APPICON_NAME = AppIcon;
				FRAMEWORK_SEARCH_PATHS = (
					"$(inherited)",
					"$(PROJECT_DIR)",
				);
				INFOPLIST_FILE = Tipsy/Info.plist;
				IPHONEOS_DEPLOYMENT_TARGET = 8.3;
				LD_RUNPATH_SEARCH_PATHS = "$(inherited) @executable_path/Frameworks";
				PRODUCT_BUNDLE_IDENTIFIER = com.tipsyapp.Tipsy;
				PRODUCT_NAME = "$(TARGET_NAME)";
				SWIFT_OBJC_BRIDGING_HEADER = "";
			};
			name = Release;
		};
/* End XCBuildConfiguration section */

/* Begin XCConfigurationList section */
		492719941CFCA0A400C10652 /* Build configuration list for PBXProject "Tipsy" */ = {
			isa = XCConfigurationList;
			buildConfigurations = (
				492719A91CFCA0A400C10652 /* Debug */,
				492719AA1CFCA0A400C10652 /* Release */,
			);
			defaultConfigurationIsVisible = 0;
			defaultConfigurationName = Release;
		};
		492719AB1CFCA0A400C10652 /* Build configuration list for PBXNativeTarget "Tipsy" */ = {
			isa = XCConfigurationList;
			buildConfigurations = (
				492719AC1CFCA0A400C10652 /* Debug */,
				492719AD1CFCA0A400C10652 /* Release */,
			);
			defaultConfigurationIsVisible = 0;
			defaultConfigurationName = Release;
		};
/* End XCConfigurationList section */
	};
	rootObject = 492719911CFCA0A400C10652 /* Project object */;
}
